lockfileVersion: '6.1'

settings:
  autoInstallPeers: true
  excludeLinksFromLockfile: false

dependencies:
  '@element-plus/icons-vue':
    specifier: ^2.3.1
    version: 2.3.1(vue@3.4.29)
  '@vueuse/core':
    specifier: ^10.9.0
    version: 10.9.0(vue@3.4.29)
  '@yyhhenry/element-extra':
    specifier: ^0.3.1
    version: 0.3.1(@element-plus/icons-vue@2.3.1)(@vueuse/core@10.9.0)(element-plus@2.7.6)(vue@3.4.29)
  '@yyhhenry/rust-result':
    specifier: ^0.3.1
    version: 0.3.1
  element-plus:
    specifier: ^2.7.6
    version: 2.7.6(vue@3.4.29)
  vue:
    specifier: ^3.4.29
    version: 3.4.29(typescript@5.4.2)
  vue-router:
    specifier: ^4.3.3
    version: 4.3.3(vue@3.4.29)

devDependencies:
  '@tsconfig/node20':
    specifier: ^20.1.4
    version: 20.1.4
  '@types/node':
    specifier: ^20.14.5
    version: 20.14.5
  '@vitejs/plugin-vue':
    specifier: ^5.0.5
    version: 5.0.5(vite@5.3.1)(vue@3.4.29)
  '@vue/tsconfig':
    specifier: ^0.5.1
    version: 0.5.1
  npm-run-all2:
    specifier: ^6.2.0
    version: 6.2.0
  oxlint:
    specifier: ^0.6.0
    version: 0.6.0
  typescript:
    specifier: ~5.4.0
    version: 5.4.2
  vite:
    specifier: ^5.3.1
    version: 5.3.1(@types/node@20.14.5)
  vue-tsc:
    specifier: ^2.0.21
    version: 2.0.21(typescript@5.4.2)

packages:
  /@babel/helper-string-parser@7.24.8:
    resolution:
      {
        integrity: sha512-pO9KhhRcuUyGnJWwyEgnRJTSIZHiT+vMD0kPeD+so0l7mxkMT19g3pjY9GTnHySck/hDzq+dtW/4VgnMkippsQ==,
      }
    engines: { node: '>=6.9.0' }

  /@babel/helper-validator-identifier@7.24.7:
    resolution:
      {
        integrity: sha512-rR+PBcQ1SMQDDyF6X0wxtG8QyLCgUB0eRAGguqRLfkCA87l7yAP7ehq8SNj96OOGTO8OBV70KhuFYcIkHXOg0w==,
      }
    engines: { node: '>=6.9.0' }

  /@babel/parser@7.24.8:
    resolution:
      {
        integrity: sha512-WzfbgXOkGzZiXXCqk43kKwZjzwx4oulxZi3nq2TYL9mOjQv6kYwul9mz6ID36njuL7Xkp6nJEfok848Zj10j/w==,
      }
    engines: { node: '>=6.0.0' }
    hasBin: true
    dependencies:
      '@babel/types': 7.24.8

  /@babel/types@7.24.8:
    resolution:
      {
        integrity: sha512-SkSBEHwwJRU52QEVZBmMBnE5Ux2/6WU1grdYyOhpbCNxbmJrDuDCphBzKZSO3taf0zztp+qkWlymE5tVL5l0TA==,
      }
    engines: { node: '>=6.9.0' }
    dependencies:
      '@babel/helper-string-parser': 7.24.8
      '@babel/helper-validator-identifier': 7.24.7
      to-fast-properties: 2.0.0

  /@ctrl/tinycolor@3.6.1:
    resolution:
      {
        integrity: sha512-SITSV6aIXsuVNV3f3O0f2n/cgyEDWoSqtZMYiAmcsYHydcKrOz3gUxB/iXd/Qf08+IZX4KpgNbvUdMBmWz+kcA==,
      }
    engines: { node: '>=10' }
    dev: false

  /@element-plus/icons-vue@2.3.1(vue@3.4.29):
    resolution:
      {
        integrity: sha512-XxVUZv48RZAd87ucGS48jPf6pKu0yV5UCg9f4FFwtrYxXOwWuVJo6wOvSLKEoMQKjv8GsX/mhP6UsC1lRwbUWg==,
      }
    peerDependencies:
      vue: ^3.2.0
    dependencies:
      vue: 3.4.29(typescript@5.4.2)
    dev: false

  /@esbuild/aix-ppc64@0.21.5:
    resolution:
      {
        integrity: sha512-1SDgH6ZSPTlggy1yI6+Dbkiz8xzpHJEVAlF/AM1tHPLsf5STom9rwtjE4hKAF20FfXXNTFqEYXyJNWh1GiZedQ==,
      }
    engines: { node: '>=12' }
    cpu: [ppc64]
    os: [aix]
    requiresBuild: true
    dev: true
    optional: true

  /@esbuild/android-arm64@0.21.5:
    resolution:
      {
        integrity: sha512-c0uX9VAUBQ7dTDCjq+wdyGLowMdtR/GoC2U5IYk/7D1H1JYC0qseD7+11iMP2mRLN9RcCMRcjC4YMclCzGwS/A==,
      }
    engines: { node: '>=12' }
    cpu: [arm64]
    os: [android]
    requiresBuild: true
    dev: true
    optional: true

  /@esbuild/android-arm@0.21.5:
    resolution:
      {
        integrity: sha512-vCPvzSjpPHEi1siZdlvAlsPxXl7WbOVUBBAowWug4rJHb68Ox8KualB+1ocNvT5fjv6wpkX6o/iEpbDrf68zcg==,
      }
    engines: { node: '>=12' }
    cpu: [arm]
    os: [android]
    requiresBuild: true
    dev: true
    optional: true

  /@esbuild/android-x64@0.21.5:
    resolution:
      {
        integrity: sha512-D7aPRUUNHRBwHxzxRvp856rjUHRFW1SdQATKXH2hqA0kAZb1hKmi02OpYRacl0TxIGz/ZmXWlbZgjwWYaCakTA==,
      }
    engines: { node: '>=12' }
    cpu: [x64]
    os: [android]
    requiresBuild: true
    dev: true
    optional: true

  /@esbuild/darwin-arm64@0.21.5:
    resolution:
      {
        integrity: sha512-DwqXqZyuk5AiWWf3UfLiRDJ5EDd49zg6O9wclZ7kUMv2WRFr4HKjXp/5t8JZ11QbQfUS6/cRCKGwYhtNAY88kQ==,
      }
    engines: { node: '>=12' }
    cpu: [arm64]
    os: [darwin]
    requiresBuild: true
    dev: true
    optional: true

  /@esbuild/darwin-x64@0.21.5:
    resolution:
      {
        integrity: sha512-se/JjF8NlmKVG4kNIuyWMV/22ZaerB+qaSi5MdrXtd6R08kvs2qCN4C09miupktDitvh8jRFflwGFBQcxZRjbw==,
      }
    engines: { node: '>=12' }
    cpu: [x64]
    os: [darwin]
    requiresBuild: true
    dev: true
    optional: true

  /@esbuild/freebsd-arm64@0.21.5:
    resolution:
      {
        integrity: sha512-5JcRxxRDUJLX8JXp/wcBCy3pENnCgBR9bN6JsY4OmhfUtIHe3ZW0mawA7+RDAcMLrMIZaf03NlQiX9DGyB8h4g==,
      }
    engines: { node: '>=12' }
    cpu: [arm64]
    os: [freebsd]
    requiresBuild: true
    dev: true
    optional: true

  /@esbuild/freebsd-x64@0.21.5:
    resolution:
      {
        integrity: sha512-J95kNBj1zkbMXtHVH29bBriQygMXqoVQOQYA+ISs0/2l3T9/kj42ow2mpqerRBxDJnmkUDCaQT/dfNXWX/ZZCQ==,
      }
    engines: { node: '>=12' }
    cpu: [x64]
    os: [freebsd]
    requiresBuild: true
    dev: true
    optional: true

  /@esbuild/linux-arm64@0.21.5:
    resolution:
      {
        integrity: sha512-ibKvmyYzKsBeX8d8I7MH/TMfWDXBF3db4qM6sy+7re0YXya+K1cem3on9XgdT2EQGMu4hQyZhan7TeQ8XkGp4Q==,
      }
    engines: { node: '>=12' }
    cpu: [arm64]
    os: [linux]
    requiresBuild: true
    dev: true
    optional: true

  /@esbuild/linux-arm@0.21.5:
    resolution:
      {
        integrity: sha512-bPb5AHZtbeNGjCKVZ9UGqGwo8EUu4cLq68E95A53KlxAPRmUyYv2D6F0uUI65XisGOL1hBP5mTronbgo+0bFcA==,
      }
    engines: { node: '>=12' }
    cpu: [arm]
    os: [linux]
    requiresBuild: true
    dev: true
    optional: true

  /@esbuild/linux-ia32@0.21.5:
    resolution:
      {
        integrity: sha512-YvjXDqLRqPDl2dvRODYmmhz4rPeVKYvppfGYKSNGdyZkA01046pLWyRKKI3ax8fbJoK5QbxblURkwK/MWY18Tg==,
      }
    engines: { node: '>=12' }
    cpu: [ia32]
    os: [linux]
    requiresBuild: true
    dev: true
    optional: true

  /@esbuild/linux-loong64@0.21.5:
    resolution:
      {
        integrity: sha512-uHf1BmMG8qEvzdrzAqg2SIG/02+4/DHB6a9Kbya0XDvwDEKCoC8ZRWI5JJvNdUjtciBGFQ5PuBlpEOXQj+JQSg==,
      }
    engines: { node: '>=12' }
    cpu: [loong64]
    os: [linux]
    requiresBuild: true
    dev: true
    optional: true

  /@esbuild/linux-mips64el@0.21.5:
    resolution:
      {
        integrity: sha512-IajOmO+KJK23bj52dFSNCMsz1QP1DqM6cwLUv3W1QwyxkyIWecfafnI555fvSGqEKwjMXVLokcV5ygHW5b3Jbg==,
      }
    engines: { node: '>=12' }
    cpu: [mips64el]
    os: [linux]
    requiresBuild: true
    dev: true
    optional: true

  /@esbuild/linux-ppc64@0.21.5:
    resolution:
      {
        integrity: sha512-1hHV/Z4OEfMwpLO8rp7CvlhBDnjsC3CttJXIhBi+5Aj5r+MBvy4egg7wCbe//hSsT+RvDAG7s81tAvpL2XAE4w==,
      }
    engines: { node: '>=12' }
    cpu: [ppc64]
    os: [linux]
    requiresBuild: true
    dev: true
    optional: true

  /@esbuild/linux-riscv64@0.21.5:
    resolution:
      {
        integrity: sha512-2HdXDMd9GMgTGrPWnJzP2ALSokE/0O5HhTUvWIbD3YdjME8JwvSCnNGBnTThKGEB91OZhzrJ4qIIxk/SBmyDDA==,
      }
    engines: { node: '>=12' }
    cpu: [riscv64]
    os: [linux]
    requiresBuild: true
    dev: true
    optional: true

  /@esbuild/linux-s390x@0.21.5:
    resolution:
      {
        integrity: sha512-zus5sxzqBJD3eXxwvjN1yQkRepANgxE9lgOW2qLnmr8ikMTphkjgXu1HR01K4FJg8h1kEEDAqDcZQtbrRnB41A==,
      }
    engines: { node: '>=12' }
    cpu: [s390x]
    os: [linux]
    requiresBuild: true
    dev: true
    optional: true

  /@esbuild/linux-x64@0.21.5:
    resolution:
      {
        integrity: sha512-1rYdTpyv03iycF1+BhzrzQJCdOuAOtaqHTWJZCWvijKD2N5Xu0TtVC8/+1faWqcP9iBCWOmjmhoH94dH82BxPQ==,
      }
    engines: { node: '>=12' }
    cpu: [x64]
    os: [linux]
    requiresBuild: true
    dev: true
    optional: true

  /@esbuild/netbsd-x64@0.21.5:
    resolution:
      {
        integrity: sha512-Woi2MXzXjMULccIwMnLciyZH4nCIMpWQAs049KEeMvOcNADVxo0UBIQPfSmxB3CWKedngg7sWZdLvLczpe0tLg==,
      }
    engines: { node: '>=12' }
    cpu: [x64]
    os: [netbsd]
    requiresBuild: true
    dev: true
    optional: true

  /@esbuild/openbsd-x64@0.21.5:
    resolution:
      {
        integrity: sha512-HLNNw99xsvx12lFBUwoT8EVCsSvRNDVxNpjZ7bPn947b8gJPzeHWyNVhFsaerc0n3TsbOINvRP2byTZ5LKezow==,
      }
    engines: { node: '>=12' }
    cpu: [x64]
    os: [openbsd]
    requiresBuild: true
    dev: true
    optional: true

  /@esbuild/sunos-x64@0.21.5:
    resolution:
      {
        integrity: sha512-6+gjmFpfy0BHU5Tpptkuh8+uw3mnrvgs+dSPQXQOv3ekbordwnzTVEb4qnIvQcYXq6gzkyTnoZ9dZG+D4garKg==,
      }
    engines: { node: '>=12' }
    cpu: [x64]
    os: [sunos]
    requiresBuild: true
    dev: true
    optional: true

  /@esbuild/win32-arm64@0.21.5:
    resolution:
      {
        integrity: sha512-Z0gOTd75VvXqyq7nsl93zwahcTROgqvuAcYDUr+vOv8uHhNSKROyU961kgtCD1e95IqPKSQKH7tBTslnS3tA8A==,
      }
    engines: { node: '>=12' }
    cpu: [arm64]
    os: [win32]
    requiresBuild: true
    dev: true
    optional: true

  /@esbuild/win32-ia32@0.21.5:
    resolution:
      {
        integrity: sha512-SWXFF1CL2RVNMaVs+BBClwtfZSvDgtL//G/smwAc5oVK/UPu2Gu9tIaRgFmYFFKrmg3SyAjSrElf0TiJ1v8fYA==,
      }
    engines: { node: '>=12' }
    cpu: [ia32]
    os: [win32]
    requiresBuild: true
    dev: true
    optional: true

  /@esbuild/win32-x64@0.21.5:
    resolution:
      {
        integrity: sha512-tQd/1efJuzPC6rCFwEvLtci/xNFcTZknmXs98FYDfGE4wP9ClFV98nyKrzJKVPMhdDnjzLhdUyMX4PsQAPjwIw==,
      }
    engines: { node: '>=12' }
    cpu: [x64]
    os: [win32]
    requiresBuild: true
    dev: true
    optional: true

  /@floating-ui/core@1.6.4:
    resolution:
      {
        integrity: sha512-a4IowK4QkXl4SCWTGUR0INAfEOX3wtsYw3rKK5InQEHMGObkR8Xk44qYQD9P4r6HHw0iIfK6GUKECmY8sTkqRA==,
      }
    dependencies:
      '@floating-ui/utils': 0.2.4
    dev: false

  /@floating-ui/dom@1.6.7:
    resolution:
      {
        integrity: sha512-wmVfPG5o2xnKDU4jx/m4w5qva9FWHcnZ8BvzEe90D/RpwsJaTAVYPEPdQ8sbr/N8zZTAHlZUTQdqg8ZUbzHmng==,
      }
    dependencies:
      '@floating-ui/core': 1.6.4
      '@floating-ui/utils': 0.2.4
    dev: false

  /@floating-ui/utils@0.2.4:
    resolution:
      {
        integrity: sha512-dWO2pw8hhi+WrXq1YJy2yCuWoL20PddgGaqTgVe4cOS9Q6qklXCiA1tJEqX6BEwRNSCP84/afac9hd4MS+zEUA==,
      }
    dev: false

  /@jridgewell/sourcemap-codec@1.5.0:
    resolution:
      {
        integrity: sha512-gv3ZRaISU3fjPAgNsriBRqGWQL6quFx04YMPW/zD8XMLsU32mhCCbfbO6KZFLjvYpCZ8zyDEgqsgf+PwPaM7GQ==,
      }

  /@oxlint/darwin-arm64@0.6.0:
    resolution:
      {
        integrity: sha512-BE/JILdyWBa2HfyJ/NQH9W4IMP+O3EcWQRGmbjLDTQzByDJ7cnfmoADR80oYzUOxKhoDDupN1KqwETigPkij9g==,
      }
    cpu: [arm64]
    os: [darwin]
    requiresBuild: true
    dev: true
    optional: true

  /@oxlint/darwin-x64@0.6.0:
    resolution:
      {
        integrity: sha512-5VZFsZL4QnXeAtEqb76R7QaWg6wLGq/5xGvu/58uvQBjRDCmqRfqXUYPG6Vre8Jn9zonMR1PUJTWLnrn3Zby8Q==,
      }
    cpu: [x64]
    os: [darwin]
    requiresBuild: true
    dev: true
    optional: true

  /@oxlint/linux-arm64-gnu@0.6.0:
    resolution:
      {
        integrity: sha512-OOBmT1Fje/+xJNOD2S2hV9nRh3k2B+mNgBKOyC9YaQjRSzoaAPbOB4q8srrcvL7BQkZe4Ow2TYpW/1l5MNYMSw==,
      }
    cpu: [arm64]
    os: [linux]
    requiresBuild: true
    dev: true
    optional: true

  /@oxlint/linux-arm64-musl@0.6.0:
    resolution:
      {
        integrity: sha512-LKZMo4dM9x+NX+TnXnBlSjegAXw+kQUrOL27L2uZ4fjmJe7xYf8qnFpDCh/lAo0KKZC4NdGguK2T3i5gmkvUFA==,
      }
    cpu: [arm64]
    os: [linux]
    requiresBuild: true
    dev: true
    optional: true

  /@oxlint/linux-x64-gnu@0.6.0:
    resolution:
      {
        integrity: sha512-DEA/5u1seDWszd+ddimtnD616oNTGczZLuxasHhnXXr7Fkw5v/ipw0wPZ81VXIZczmu3TldD7TZhLO+NiQBpAA==,
      }
    cpu: [x64]
    os: [linux]
    requiresBuild: true
    dev: true
    optional: true

  /@oxlint/linux-x64-musl@0.6.0:
    resolution:
      {
        integrity: sha512-LoqWIZhMI8PEXVGmWMGriE+3rp9fXLTV5bZQqAHLEfJRV+tMZTjIWn4hDNmhawq9YbacH7oWUCRIP4fI8j0+eQ==,
      }
    cpu: [x64]
    os: [linux]
    requiresBuild: true
    dev: true
    optional: true

  /@oxlint/win32-arm64@0.6.0:
    resolution:
      {
        integrity: sha512-XuYsvi+kZjqpgggBPe0uQWb5rmn8+4Q33ACCkXhwWEbhybLivCvBNSmTzQZMx+xeyGL2FvwSaOb7CghOTKtYOA==,
      }
    cpu: [arm64]
    os: [win32]
    requiresBuild: true
    dev: true
    optional: true

  /@oxlint/win32-x64@0.6.0:
    resolution:
      {
        integrity: sha512-ZAk1W7JB73KSbsRUt9T4zd9vh5IZXlOu5RnpPbc/WUKkXdaRhTBPtSszp6GcZuvu8A8jPrcJv6BRap7+yJjH+A==,
      }
    cpu: [x64]
    os: [win32]
    requiresBuild: true
    dev: true
    optional: true

  /@rollup/rollup-android-arm-eabi@4.18.1:
    resolution:
      {
        integrity: sha512-lncuC4aHicncmbORnx+dUaAgzee9cm/PbIqgWz1PpXuwc+sa1Ct83tnqUDy/GFKleLiN7ZIeytM6KJ4cAn1SxA==,
      }
    cpu: [arm]
    os: [android]
    requiresBuild: true
    dev: true
    optional: true

  /@rollup/rollup-android-arm64@4.18.1:
    resolution:
      {
        integrity: sha512-F/tkdw0WSs4ojqz5Ovrw5r9odqzFjb5LIgHdHZG65dFI1lWTWRVy32KDJLKRISHgJvqUeUhdIvy43fX41znyDg==,
      }
    cpu: [arm64]
    os: [android]
    requiresBuild: true
    dev: true
    optional: true

  /@rollup/rollup-darwin-arm64@4.18.1:
    resolution:
      {
        integrity: sha512-vk+ma8iC1ebje/ahpxpnrfVQJibTMyHdWpOGZ3JpQ7Mgn/3QNHmPq7YwjZbIE7km73dH5M1e6MRRsnEBW7v5CQ==,
      }
    cpu: [arm64]
    os: [darwin]
    requiresBuild: true
    dev: true
    optional: true

  /@rollup/rollup-darwin-x64@4.18.1:
    resolution:
      {
        integrity: sha512-IgpzXKauRe1Tafcej9STjSSuG0Ghu/xGYH+qG6JwsAUxXrnkvNHcq/NL6nz1+jzvWAnQkuAJ4uIwGB48K9OCGA==,
      }
    cpu: [x64]
    os: [darwin]
    requiresBuild: true
    dev: true
    optional: true

  /@rollup/rollup-linux-arm-gnueabihf@4.18.1:
    resolution:
      {
        integrity: sha512-P9bSiAUnSSM7EmyRK+e5wgpqai86QOSv8BwvkGjLwYuOpaeomiZWifEos517CwbG+aZl1T4clSE1YqqH2JRs+g==,
      }
    cpu: [arm]
    os: [linux]
    requiresBuild: true
    dev: true
    optional: true

  /@rollup/rollup-linux-arm-musleabihf@4.18.1:
    resolution:
      {
        integrity: sha512-5RnjpACoxtS+aWOI1dURKno11d7krfpGDEn19jI8BuWmSBbUC4ytIADfROM1FZrFhQPSoP+KEa3NlEScznBTyQ==,
      }
    cpu: [arm]
    os: [linux]
    requiresBuild: true
    dev: true
    optional: true

  /@rollup/rollup-linux-arm64-gnu@4.18.1:
    resolution:
      {
        integrity: sha512-8mwmGD668m8WaGbthrEYZ9CBmPug2QPGWxhJxh/vCgBjro5o96gL04WLlg5BA233OCWLqERy4YUzX3bJGXaJgQ==,
      }
    cpu: [arm64]
    os: [linux]
    requiresBuild: true
    dev: true
    optional: true

  /@rollup/rollup-linux-arm64-musl@4.18.1:
    resolution:
      {
        integrity: sha512-dJX9u4r4bqInMGOAQoGYdwDP8lQiisWb9et+T84l2WXk41yEej8v2iGKodmdKimT8cTAYt0jFb+UEBxnPkbXEQ==,
      }
    cpu: [arm64]
    os: [linux]
    requiresBuild: true
    dev: true
    optional: true

  /@rollup/rollup-linux-powerpc64le-gnu@4.18.1:
    resolution:
      {
        integrity: sha512-V72cXdTl4EI0x6FNmho4D502sy7ed+LuVW6Ym8aI6DRQ9hQZdp5sj0a2usYOlqvFBNKQnLQGwmYnujo2HvjCxQ==,
      }
    cpu: [ppc64]
    os: [linux]
    requiresBuild: true
    dev: true
    optional: true

  /@rollup/rollup-linux-riscv64-gnu@4.18.1:
    resolution:
      {
        integrity: sha512-f+pJih7sxoKmbjghrM2RkWo2WHUW8UbfxIQiWo5yeCaCM0TveMEuAzKJte4QskBp1TIinpnRcxkquY+4WuY/tg==,
      }
    cpu: [riscv64]
    os: [linux]
    requiresBuild: true
    dev: true
    optional: true

  /@rollup/rollup-linux-s390x-gnu@4.18.1:
    resolution:
      {
        integrity: sha512-qb1hMMT3Fr/Qz1OKovCuUM11MUNLUuHeBC2DPPAWUYYUAOFWaxInaTwTQmc7Fl5La7DShTEpmYwgdt2hG+4TEg==,
      }
    cpu: [s390x]
    os: [linux]
    requiresBuild: true
    dev: true
    optional: true

  /@rollup/rollup-linux-x64-gnu@4.18.1:
    resolution:
      {
        integrity: sha512-7O5u/p6oKUFYjRbZkL2FLbwsyoJAjyeXHCU3O4ndvzg2OFO2GinFPSJFGbiwFDaCFc+k7gs9CF243PwdPQFh5g==,
      }
    cpu: [x64]
    os: [linux]
    requiresBuild: true
    dev: true
    optional: true

  /@rollup/rollup-linux-x64-musl@4.18.1:
    resolution:
      {
        integrity: sha512-pDLkYITdYrH/9Cv/Vlj8HppDuLMDUBmgsM0+N+xLtFd18aXgM9Nyqupb/Uw+HeidhfYg2lD6CXvz6CjoVOaKjQ==,
      }
    cpu: [x64]
    os: [linux]
    requiresBuild: true
    dev: true
    optional: true

  /@rollup/rollup-win32-arm64-msvc@4.18.1:
    resolution:
      {
        integrity: sha512-W2ZNI323O/8pJdBGil1oCauuCzmVd9lDmWBBqxYZcOqWD6aWqJtVBQ1dFrF4dYpZPks6F+xCZHfzG5hYlSHZ6g==,
      }
    cpu: [arm64]
    os: [win32]
    requiresBuild: true
    dev: true
    optional: true

  /@rollup/rollup-win32-ia32-msvc@4.18.1:
    resolution:
      {
        integrity: sha512-ELfEX1/+eGZYMaCIbK4jqLxO1gyTSOIlZr6pbC4SRYFaSIDVKOnZNMdoZ+ON0mrFDp4+H5MhwNC1H/AhE3zQLg==,
      }
    cpu: [ia32]
    os: [win32]
    requiresBuild: true
    dev: true
    optional: true

  /@rollup/rollup-win32-x64-msvc@4.18.1:
    resolution:
      {
        integrity: sha512-yjk2MAkQmoaPYCSu35RLJ62+dz358nE83VfTePJRp8CG7aMg25mEJYpXFiD+NcevhX8LxD5OP5tktPXnXN7GDw==,
      }
    cpu: [x64]
    os: [win32]
    requiresBuild: true
    dev: true
    optional: true

  /@sxzz/popperjs-es@2.11.7:
    resolution:
      {
        integrity: sha512-Ccy0NlLkzr0Ex2FKvh2X+OyERHXJ88XJ1MXtsI9y9fGexlaXaVTPzBCRBwIxFkORuOb+uBqeu+RqnpgYTEZRUQ==,
      }
    dev: false

  /@tsconfig/node20@20.1.4:
    resolution:
      {
        integrity: sha512-sqgsT69YFeLWf5NtJ4Xq/xAF8p4ZQHlmGW74Nu2tD4+g5fAsposc4ZfaaPixVu4y01BEiDCWLRDCvDM5JOsRxg==,
      }
    dev: true

  /@types/estree@1.0.5:
    resolution:
      {
        integrity: sha512-/kYRxGDLWzHOB7q+wtSUQlFrtcdUccpfy+X+9iMBpHK8QLLhx2wIPYuS5DYtR9Wa/YlZAbIovy7qVdB1Aq6Lyw==,
      }
    dev: true

  /@types/lodash-es@4.17.12:
    resolution:
      {
        integrity: sha512-0NgftHUcV4v34VhXm8QBSftKVXtbkBG3ViCjs6+eJ5a6y6Mi/jiFGPc1sC7QK+9BFhWrURE3EOggmWaSxL9OzQ==,
      }
    dependencies:
      '@types/lodash': 4.17.6
    dev: false

  /@types/lodash@4.17.6:
    resolution:
      {
        integrity: sha512-OpXEVoCKSS3lQqjx9GGGOapBeuW5eUboYHRlHP9urXPX25IKZ6AnP5ZRxtVf63iieUbsHxLn8NQ5Nlftc6yzAA==,
      }
    dev: false

  /@types/node@20.14.5:
    resolution:
      {
        integrity: sha512-aoRR+fJkZT2l0aGOJhuA8frnCSoNX6W7U2mpNq63+BxBIj5BQFt8rHy627kijCmm63ijdSdwvGgpUsU6MBsZZA==,
      }
    dependencies:
      undici-types: 5.26.5
    dev: true

  /@types/web-bluetooth@0.0.16:
    resolution:
      {
        integrity: sha512-oh8q2Zc32S6gd/j50GowEjKLoOVOwHP/bWVjKJInBwQqdOYMdPrf1oVlelTlyfFK3CKxL1uahMDAr+vy8T7yMQ==,
      }
    dev: false

  /@types/web-bluetooth@0.0.20:
    resolution:
      {
        integrity: sha512-g9gZnnXVq7gM7v3tJCWV/qw7w+KeOlSHAhgF9RytFyifW6AF61hdT2ucrYhPq9hLs5JIryeupHV3qGk95dH9ow==,
      }
    dev: false

  /@vitejs/plugin-vue@5.0.5(vite@5.3.1)(vue@3.4.29):
    resolution:
      {
        integrity: sha512-LOjm7XeIimLBZyzinBQ6OSm3UBCNVCpLkxGC0oWmm2YPzVZoxMsdvNVimLTBzpAnR9hl/yn1SHGuRfe6/Td9rQ==,
      }
    engines: { node: ^18.0.0 || >=20.0.0 }
    peerDependencies:
      vite: ^5.0.0
      vue: ^3.2.25
    dependencies:
      vite: 5.3.1(@types/node@20.14.5)
      vue: 3.4.29(typescript@5.4.2)
    dev: true

  /@volar/language-core@2.3.4:
    resolution:
      {
        integrity: sha512-wXBhY11qG6pCDAqDnbBRFIDSIwbqkWI7no+lj5+L7IlA7HRIjRP7YQLGzT0LF4lS6eHkMSsclXqy9DwYJasZTQ==,
      }
    dependencies:
      '@volar/source-map': 2.3.4
    dev: true

  /@volar/source-map@2.3.4:
    resolution:
      {
        integrity: sha512-C+t63nwcblqLIVTYXaVi/+gC8NukDaDIQI72J3R7aXGvtgaVB16c+J8Iz7/VfOy7kjYv7lf5GhBny6ACw9fTGQ==,
      }
    dev: true

  /@volar/typescript@2.3.4:
    resolution:
      {
        integrity: sha512-acCvt7dZECyKcvO5geNybmrqOsu9u8n5XP1rfiYsOLYGPxvHRav9BVmEdRyZ3vvY6mNyQ1wLL5Hday4IShe17w==,
      }
    dependencies:
      '@volar/language-core': 2.3.4
      path-browserify: 1.0.1
      vscode-uri: 3.0.8
    dev: true

  /@vue/compiler-core@3.4.29:
    resolution:
      {
        integrity: sha512-TFKiRkKKsRCKvg/jTSSKK7mYLJEQdUiUfykbG49rubC9SfDyvT2JrzTReopWlz2MxqeLyxh9UZhvxEIBgAhtrg==,
      }
    dependencies:
      '@babel/parser': 7.24.8
      '@vue/shared': 3.4.29
      entities: 4.5.0
      estree-walker: 2.0.2
      source-map-js: 1.2.0

  /@vue/compiler-core@3.4.31:
    resolution:
      {
        integrity: sha512-skOiodXWTV3DxfDhB4rOf3OGalpITLlgCeOwb+Y9GJpfQ8ErigdBUHomBzvG78JoVE8MJoQsb+qhZiHfKeNeEg==,
      }
    dependencies:
      '@babel/parser': 7.24.8
      '@vue/shared': 3.4.31
      entities: 4.5.0
      estree-walker: 2.0.2
      source-map-js: 1.2.0
    dev: true

  /@vue/compiler-dom@3.4.29:
    resolution:
      {
        integrity: sha512-A6+iZ2fKIEGnfPJejdB7b1FlJzgiD+Y/sxxKwJWg1EbJu6ZPgzaPQQ51ESGNv0CP6jm6Z7/pO6Ia8Ze6IKrX7w==,
      }
    dependencies:
      '@vue/compiler-core': 3.4.29
      '@vue/shared': 3.4.29

  /@vue/compiler-dom@3.4.31:
    resolution:
      {
        integrity: sha512-wK424WMXsG1IGMyDGyLqB+TbmEBFM78hIsOJ9QwUVLGrcSk0ak6zYty7Pj8ftm7nEtdU/DGQxAXp0/lM/2cEpQ==,
      }
    dependencies:
      '@vue/compiler-core': 3.4.31
      '@vue/shared': 3.4.31
    dev: true

  /@vue/compiler-sfc@3.4.29:
    resolution:
      {
        integrity: sha512-zygDcEtn8ZimDlrEQyLUovoWgKQic6aEQqRXce2WXBvSeHbEbcAsXyCk9oG33ZkyWH4sl9D3tkYc1idoOkdqZQ==,
      }
    dependencies:
      '@babel/parser': 7.24.8
      '@vue/compiler-core': 3.4.29
      '@vue/compiler-dom': 3.4.29
      '@vue/compiler-ssr': 3.4.29
      '@vue/shared': 3.4.29
      estree-walker: 2.0.2
      magic-string: 0.30.10
      postcss: 8.4.39
      source-map-js: 1.2.0

  /@vue/compiler-ssr@3.4.29:
    resolution:
      {
        integrity: sha512-rFbwCmxJ16tDp3N8XCx5xSQzjhidYjXllvEcqX/lopkoznlNPz3jyy0WGJCyhAaVQK677WWFt3YO/WUEkMMUFQ==,
      }
    dependencies:
      '@vue/compiler-dom': 3.4.29
      '@vue/shared': 3.4.29

  /@vue/devtools-api@6.6.3:
    resolution:
      {
        integrity: sha512-0MiMsFma/HqA6g3KLKn+AGpL1kgKhFWszC9U29NfpWK5LE7bjeXxySWJrOJ77hBz+TBrBQ7o4QJqbPbqbs8rJw==,
      }
    dev: false

  /@vue/language-core@2.0.21(typescript@5.4.2):
    resolution:
      {
        integrity: sha512-vjs6KwnCK++kIXT+eI63BGpJHfHNVJcUCr3RnvJsccT3vbJnZV5IhHR2puEkoOkIbDdp0Gqi1wEnv3hEd3WsxQ==,
      }
    peerDependencies:
      typescript: '*'
    peerDependenciesMeta:
      typescript:
        optional: true
    dependencies:
      '@volar/language-core': 2.3.4
      '@vue/compiler-dom': 3.4.31
      '@vue/shared': 3.4.31
      computeds: 0.0.1
      minimatch: 9.0.5
      path-browserify: 1.0.1
      typescript: 5.4.2
      vue-template-compiler: 2.7.16
    dev: true

  /@vue/reactivity@3.4.29:
    resolution:
      {
        integrity: sha512-w8+KV+mb1a8ornnGQitnMdLfE0kXmteaxLdccm2XwdFxXst4q/Z7SEboCV5SqJNpZbKFeaRBBJBhW24aJyGINg==,
      }
    dependencies:
      '@vue/shared': 3.4.29

  /@vue/runtime-core@3.4.29:
    resolution:
      {
        integrity: sha512-s8fmX3YVR/Rk5ig0ic0NuzTNjK2M7iLuVSZyMmCzN/+Mjuqqif1JasCtEtmtoJWF32pAtUjyuT2ljNKNLeOmnQ==,
      }
    dependencies:
      '@vue/reactivity': 3.4.29
      '@vue/shared': 3.4.29

  /@vue/runtime-dom@3.4.29:
    resolution:
      {
        integrity: sha512-gI10atCrtOLf/2MPPMM+dpz3NGulo9ZZR9d1dWo4fYvm+xkfvRrw1ZmJ7mkWtiJVXSsdmPbcK1p5dZzOCKDN0g==,
      }
    dependencies:
      '@vue/reactivity': 3.4.29
      '@vue/runtime-core': 3.4.29
      '@vue/shared': 3.4.29
      csstype: 3.1.3

  /@vue/server-renderer@3.4.29(vue@3.4.29):
    resolution:
      {
        integrity: sha512-HMLCmPI2j/k8PVkSBysrA2RxcxC5DgBiCdj7n7H2QtR8bQQPqKAe8qoaxLcInzouBmzwJ+J0x20ygN/B5mYBng==,
      }
    peerDependencies:
      vue: 3.4.29
    dependencies:
      '@vue/compiler-ssr': 3.4.29
      '@vue/shared': 3.4.29
      vue: 3.4.29(typescript@5.4.2)

  /@vue/shared@3.4.29:
    resolution:
      {
        integrity: sha512-hQ2gAQcBO/CDpC82DCrinJNgOHI2v+FA7BDW4lMSPeBpQ7sRe2OLHWe5cph1s7D8DUQAwRt18dBDfJJ220APEA==,
      }

  /@vue/shared@3.4.31:
    resolution:
      {
        integrity: sha512-Yp3wtJk//8cO4NItOPpi3QkLExAr/aLBGZMmTtW9WpdwBCJpRM6zj9WgWktXAl8IDIozwNMByT45JP3tO3ACWA==,
      }
    dev: true

  /@vue/tsconfig@0.5.1:
    resolution:
      {
        integrity: sha512-VcZK7MvpjuTPx2w6blwnwZAu5/LgBUtejFOi3pPGQFXQN5Ela03FUtd2Qtg4yWGGissVL0dr6Ro1LfOFh+PCuQ==,
      }
    dev: true

  /@vueuse/core@10.9.0(vue@3.4.29):
    resolution:
      {
        integrity: sha512-/1vjTol8SXnx6xewDEKfS0Ra//ncg4Hb0DaZiwKf7drgfMsKFExQ+FnnENcN6efPen+1kIzhLQoGSy0eDUVOMg==,
      }
    dependencies:
      '@types/web-bluetooth': 0.0.20
      '@vueuse/metadata': 10.9.0
      '@vueuse/shared': 10.9.0(vue@3.4.29)
      vue-demi: 0.14.8(vue@3.4.29)
    transitivePeerDependencies:
      - '@vue/composition-api'
      - vue
    dev: false

  /@vueuse/core@9.13.0(vue@3.4.29):
    resolution:
      {
        integrity: sha512-pujnclbeHWxxPRqXWmdkKV5OX4Wk4YeK7wusHqRwU0Q7EFusHoqNA/aPhB6KCh9hEqJkLAJo7bb0Lh9b+OIVzw==,
      }
    dependencies:
      '@types/web-bluetooth': 0.0.16
      '@vueuse/metadata': 9.13.0
      '@vueuse/shared': 9.13.0(vue@3.4.29)
      vue-demi: 0.14.8(vue@3.4.29)
    transitivePeerDependencies:
      - '@vue/composition-api'
      - vue
    dev: false

  /@vueuse/metadata@10.9.0:
    resolution:
      {
        integrity: sha512-iddNbg3yZM0X7qFY2sAotomgdHK7YJ6sKUvQqbvwnf7TmaVPxS4EJydcNsVejNdS8iWCtDk+fYXr7E32nyTnGA==,
      }
    dev: false

  /@vueuse/metadata@9.13.0:
    resolution:
      {
        integrity: sha512-gdU7TKNAUVlXXLbaF+ZCfte8BjRJQWPCa2J55+7/h+yDtzw3vOoGQDRXzI6pyKyo6bXFT5/QoPE4hAknExjRLQ==,
      }
    dev: false

  /@vueuse/shared@10.9.0(vue@3.4.29):
    resolution:
      {
        integrity: sha512-Uud2IWncmAfJvRaFYzv5OHDli+FbOzxiVEQdLCKQKLyhz94PIyFC3CHcH7EDMwIn8NPtD06+PNbC/PiO0LGLtw==,
      }
    dependencies:
      vue-demi: 0.14.8(vue@3.4.29)
    transitivePeerDependencies:
      - '@vue/composition-api'
      - vue
    dev: false

  /@vueuse/shared@9.13.0(vue@3.4.29):
    resolution:
      {
        integrity: sha512-UrnhU+Cnufu4S6JLCPZnkWh0WwZGUp72ktOF2DFptMlOs3TOdVv8xJN53zhHGARmVOsz5KqOls09+J1NR6sBKw==,
      }
    dependencies:
      vue-demi: 0.14.8(vue@3.4.29)
    transitivePeerDependencies:
      - '@vue/composition-api'
      - vue
    dev: false

  /@yyhhenry/element-extra@0.3.1(@element-plus/icons-vue@2.3.1)(@vueuse/core@10.9.0)(element-plus@2.7.6)(vue@3.4.29):
    resolution:
      {
        integrity: sha512-RArpcekTjWp4z4Ml8BFQNjiCjIqnKEEqGIY9Dh2/IHukHTfsBgzPomU6l+XmWKggkkHPw0C5eMZD8+yfMMUNJQ==,
      }
    peerDependencies:
      '@element-plus/icons-vue': ^2.3.1
      '@vueuse/core': ^10.9.0
      element-plus: ^2.6.3
      vue: ^3.4.21
    dependencies:
      '@element-plus/icons-vue': 2.3.1(vue@3.4.29)
      '@vueuse/core': 10.9.0(vue@3.4.29)
      element-plus: 2.7.6(vue@3.4.29)
      vue: 3.4.29(typescript@5.4.2)
    dev: false

  /@yyhhenry/rust-result@0.3.1:
    resolution:
      {
        integrity: sha512-6jXXZR0+L1qXII7Rcwu7P0xmxIKDnDmq8k6n9cc4GEjKHtYdiP4Yj6QDVhy24remN5shyWq2SRNGp4LUcqokRg==,
      }
    dev: false

  /ansi-styles@6.2.1:
    resolution:
      {
        integrity: sha512-bN798gFfQX+viw3R7yrGWRqnrN2oRkEkUjjl4JNn4E8GxxbjtG3FbrEIIY3l8/hrwUwIeCZvi4QuOTP4MErVug==,
      }
    engines: { node: '>=12' }
    dev: true

  /async-validator@4.2.5:
    resolution:
      {
        integrity: sha512-7HhHjtERjqlNbZtqNqy2rckN/SpOOlmDliet+lP7k+eKZEjPk3DgyeU9lIXLdeLz0uBbbVp+9Qdow9wJWgwwfg==,
      }
    dev: false

  /balanced-match@1.0.2:
    resolution:
      {
        integrity: sha512-3oSeUO0TMV67hN1AmbXsK4yaqU7tjiHlbxRDZOpH0KW9+CeX4bRAaX0Anxt0tx2MrpRpWwQaPwIlISEJhYU5Pw==,
      }
    dev: true

  /brace-expansion@2.0.1:
    resolution:
      {
        integrity: sha512-XnAIvQ8eM+kC6aULx6wuQiwVsnzsi9d3WxzV3FpWTGA19F621kwdbsAcFKXgKUHZWsy+mY6iL1sHTxWEFCytDA==,
      }
    dependencies:
      balanced-match: 1.0.2
    dev: true

  /computeds@0.0.1:
    resolution:
      {
        integrity: sha512-7CEBgcMjVmitjYo5q8JTJVra6X5mQ20uTThdK+0kR7UEaDrAWEQcRiBtWJzga4eRpP6afNwwLsX2SET2JhVB1Q==,
      }
    dev: true

  /cross-spawn@7.0.3:
    resolution:
      {
        integrity: sha512-iRDPJKUPVEND7dHPO8rkbOnPpyDygcDFtWjpeWNCgy8WP2rXcxXL8TskReQl6OrB2G7+UJrags1q15Fudc7G6w==,
      }
    engines: { node: '>= 8' }
    dependencies:
      path-key: 3.1.1
      shebang-command: 2.0.0
      which: 2.0.2
    dev: true

  /csstype@3.1.3:
    resolution:
      {
        integrity: sha512-M1uQkMl8rQK/szD0LNhtqxIPLpimGm8sOBwU7lLnCpSbTyY3yeU1Vc7l4KT5zT4s/yOxHH5O7tIuuLOCnLADRw==,
      }

  /dayjs@1.11.11:
    resolution:
      {
        integrity: sha512-okzr3f11N6WuqYtZSvm+F776mB41wRZMhKP+hc34YdW+KmtYYK9iqvHSwo2k9FEH3fhGXvOPV6yz2IcSrfRUDg==,
      }
    dev: false

  /de-indent@1.0.2:
    resolution:
      {
        integrity: sha512-e/1zu3xH5MQryN2zdVaF0OrdNLUbvWxzMbi+iNA6Bky7l1RoP8a2fIbRocyHclXt/arDrrR6lL3TqFD9pMQTsg==,
      }
    dev: true

  /element-plus@2.7.6(vue@3.4.29):
    resolution:
      {
        integrity: sha512-36sw1K23hYjgeooR10U6CiCaCp2wvOqwoFurADZVlekeQ9v5U1FhJCFGEXO6i/kZBBMwsE1c9fxjLs9LENw2Rg==,
      }
    peerDependencies:
      vue: ^3.2.0
    dependencies:
      '@ctrl/tinycolor': 3.6.1
      '@element-plus/icons-vue': 2.3.1(vue@3.4.29)
      '@floating-ui/dom': 1.6.7
      '@popperjs/core': /@sxzz/popperjs-es@2.11.7
      '@types/lodash': 4.17.6
      '@types/lodash-es': 4.17.12
      '@vueuse/core': 9.13.0(vue@3.4.29)
      async-validator: 4.2.5
      dayjs: 1.11.11
      escape-html: 1.0.3
      lodash: 4.17.21
      lodash-es: 4.17.21
      lodash-unified: 1.0.3(@types/lodash-es@4.17.12)(lodash-es@4.17.21)(lodash@4.17.21)
      memoize-one: 6.0.0
      normalize-wheel-es: 1.2.0
      vue: 3.4.29(typescript@5.4.2)
    transitivePeerDependencies:
      - '@vue/composition-api'
    dev: false

  /entities@4.5.0:
    resolution:
      {
        integrity: sha512-V0hjH4dGPh9Ao5p0MoRY6BVqtwCjhz6vI5LT8AJ55H+4g9/4vbHx1I54fS0XuclLhDHArPQCiMjDxjaL8fPxhw==,
      }
    engines: { node: '>=0.12' }

  /esbuild@0.21.5:
    resolution:
      {
        integrity: sha512-mg3OPMV4hXywwpoDxu3Qda5xCKQi+vCTZq8S9J/EpkhB2HzKXq4SNFZE3+NK93JYxc8VMSep+lOUSC/RVKaBqw==,
      }
    engines: { node: '>=12' }
    hasBin: true
    requiresBuild: true
    optionalDependencies:
      '@esbuild/aix-ppc64': 0.21.5
      '@esbuild/android-arm': 0.21.5
      '@esbuild/android-arm64': 0.21.5
      '@esbuild/android-x64': 0.21.5
      '@esbuild/darwin-arm64': 0.21.5
      '@esbuild/darwin-x64': 0.21.5
      '@esbuild/freebsd-arm64': 0.21.5
      '@esbuild/freebsd-x64': 0.21.5
      '@esbuild/linux-arm': 0.21.5
      '@esbuild/linux-arm64': 0.21.5
      '@esbuild/linux-ia32': 0.21.5
      '@esbuild/linux-loong64': 0.21.5
      '@esbuild/linux-mips64el': 0.21.5
      '@esbuild/linux-ppc64': 0.21.5
      '@esbuild/linux-riscv64': 0.21.5
      '@esbuild/linux-s390x': 0.21.5
      '@esbuild/linux-x64': 0.21.5
      '@esbuild/netbsd-x64': 0.21.5
      '@esbuild/openbsd-x64': 0.21.5
      '@esbuild/sunos-x64': 0.21.5
      '@esbuild/win32-arm64': 0.21.5
      '@esbuild/win32-ia32': 0.21.5
      '@esbuild/win32-x64': 0.21.5
    dev: true

  /escape-html@1.0.3:
    resolution:
      {
        integrity: sha512-NiSupZ4OeuGwr68lGIeym/ksIZMJodUGOSCZ/FSnTxcrekbvqrgdUxlJOMpijaKZVjAJrWrGs/6Jy8OMuyj9ow==,
      }
    dev: false

  /estree-walker@2.0.2:
    resolution:
      {
        integrity: sha512-Rfkk/Mp/DL7JVje3u18FxFujQlTNR2q6QfMSMB7AvCBx91NGj/ba3kCfza0f6dVDbw7YlRf/nDrn7pQrCCyQ/w==,
      }

  /fsevents@2.3.3:
    resolution:
      {
        integrity: sha512-5xoDfX+fL7faATnagmWPpbFtwh/R77WmMMqqHGS65C3vvB0YHrgF+B1YmZ3441tMj5n63k0212XNoJwzlhffQw==,
      }
    engines: { node: ^8.16.0 || ^10.6.0 || >=11.0.0 }
    os: [darwin]
    requiresBuild: true
    dev: true
    optional: true

  /he@1.2.0:
    resolution:
      {
        integrity: sha512-F/1DnUGPopORZi0ni+CvrCgHQ5FyEAHRLSApuYWMmrbSwoN2Mn/7k+Gl38gJnR7yyDZk6WLXwiGod1JOWNDKGw==,
      }
    hasBin: true
    dev: true

  /isexe@2.0.0:
    resolution:
      {
        integrity: sha512-RHxMLp9lnKHGHRng9QFhRCMbYAcVpn69smSGcq3f36xjgVVWThj4qqLbTLlq7Ssj8B+fIQ1EuCEGI2lKsyQeIw==,
      }
    dev: true

  /json-parse-even-better-errors@3.0.2:
    resolution:
      {
        integrity: sha512-fi0NG4bPjCHunUJffmLd0gxssIgkNmArMvis4iNah6Owg1MCJjWhEcDLmsK6iGkJq3tHwbDkTlce70/tmXN4cQ==,
      }
    engines: { node: ^14.17.0 || ^16.13.0 || >=18.0.0 }
    dev: true

  /lodash-es@4.17.21:
    resolution:
      {
        integrity: sha512-mKnC+QJ9pWVzv+C4/U3rRsHapFfHvQFoFB92e52xeyGMcX6/OlIl78je1u8vePzYZSkkogMPJ2yjxxsb89cxyw==,
      }
    dev: false

  /lodash-unified@1.0.3(@types/lodash-es@4.17.12)(lodash-es@4.17.21)(lodash@4.17.21):
    resolution:
      {
        integrity: sha512-WK9qSozxXOD7ZJQlpSqOT+om2ZfcT4yO+03FuzAHD0wF6S0l0090LRPDx3vhTTLZ8cFKpBn+IOcVXK6qOcIlfQ==,
      }
    peerDependencies:
      '@types/lodash-es': '*'
      lodash: '*'
      lodash-es: '*'
    dependencies:
      '@types/lodash-es': 4.17.12
      lodash: 4.17.21
      lodash-es: 4.17.21
    dev: false

  /lodash@4.17.21:
    resolution:
      {
        integrity: sha512-v2kDEe57lecTulaDIuNTPy3Ry4gLGJ6Z1O3vE1krgXZNrsQ+LFTGHVxVjcXPs17LhbZVGedAJv8XZ1tvj5FvSg==,
      }
    dev: false

  /magic-string@0.30.10:
    resolution:
      {
        integrity: sha512-iIRwTIf0QKV3UAnYK4PU8uiEc4SRh5jX0mwpIwETPpHdhVM4f53RSwS/vXvN1JhGX+Cs7B8qIq3d6AH49O5fAQ==,
      }
    dependencies:
      '@jridgewell/sourcemap-codec': 1.5.0

  /memoize-one@6.0.0:
    resolution:
      {
        integrity: sha512-rkpe71W0N0c0Xz6QD0eJETuWAJGnJ9afsl1srmwPrI+yBCkge5EycXXbYRyvL29zZVUWQCY7InPRCv3GDXuZNw==,
      }
    dev: false

  /memorystream@0.3.1:
    resolution:
      {
        integrity: sha512-S3UwM3yj5mtUSEfP41UZmt/0SCoVYUcU1rkXv+BQ5Ig8ndL4sPoJNBUJERafdPb5jjHJGuMgytgKvKIf58XNBw==,
      }
    engines: { node: '>= 0.10.0' }
    dev: true

  /minimatch@9.0.5:
    resolution:
      {
        integrity: sha512-G6T0ZX48xgozx7587koeX9Ys2NYy6Gmv//P89sEte9V9whIapMNF4idKxnW2QtCcLiTWlb/wfCabAtAFWhhBow==,
      }
    engines: { node: '>=16 || 14 >=14.17' }
    dependencies:
      brace-expansion: 2.0.1
    dev: true

  /nanoid@3.3.7:
    resolution:
      {
        integrity: sha512-eSRppjcPIatRIMC1U6UngP8XFcz8MQWGQdt1MTBQ7NaAmvXDfvNxbvWV3x2y6CdEUciCSsDHDQZbhYaB8QEo2g==,
      }
    engines: { node: ^10 || ^12 || ^13.7 || ^14 || >=15.0.1 }
    hasBin: true

  /normalize-wheel-es@1.2.0:
    resolution:
      {
        integrity: sha512-Wj7+EJQ8mSuXr2iWfnujrimU35R2W4FAErEyTmJoJ7ucwTn2hOUSsRehMb5RSYkxXGTM7Y9QpvPmp++w5ftoJw==,
      }
    dev: false

  /npm-normalize-package-bin@3.0.1:
    resolution:
      {
        integrity: sha512-dMxCf+zZ+3zeQZXKxmyuCKlIDPGuv8EF940xbkC4kQVDTtqoh6rJFO+JTKSA6/Rwi0getWmtuy4Itup0AMcaDQ==,
      }
    engines: { node: ^14.17.0 || ^16.13.0 || >=18.0.0 }
    dev: true

  /npm-run-all2@6.2.0:
    resolution:
      {
        integrity: sha512-wA7yVIkthe6qJBfiJ2g6aweaaRlw72itsFGF6HuwCHKwtwAx/4BY1vVpk6bw6lS8RLMsexoasOkd0aYOmsFG7Q==,
      }
    engines: { node: ^14.18.0 || >=16.0.0, npm: '>= 8' }
    hasBin: true
    dependencies:
      ansi-styles: 6.2.1
      cross-spawn: 7.0.3
      memorystream: 0.3.1
      minimatch: 9.0.5
      pidtree: 0.6.0
      read-package-json-fast: 3.0.2
      shell-quote: 1.8.1
    dev: true

  /oxlint@0.6.0:
    resolution:
      {
        integrity: sha512-m7lIsNZmessbPIw0oe2Zaif9DgfYIkhvRtuAdSwUkxuj+tU90rcCxRR+/7MbyMcoFrKs7YEGihEzRu1g9v66AA==,
      }
    engines: { node: '>=14.*' }
    hasBin: true
    optionalDependencies:
      '@oxlint/darwin-arm64': 0.6.0
      '@oxlint/darwin-x64': 0.6.0
      '@oxlint/linux-arm64-gnu': 0.6.0
      '@oxlint/linux-arm64-musl': 0.6.0
      '@oxlint/linux-x64-gnu': 0.6.0
      '@oxlint/linux-x64-musl': 0.6.0
      '@oxlint/win32-arm64': 0.6.0
      '@oxlint/win32-x64': 0.6.0
    dev: true

  /path-browserify@1.0.1:
    resolution:
      {
        integrity: sha512-b7uo2UCUOYZcnF/3ID0lulOJi/bafxa1xPe7ZPsammBSpjSWQkjNxlt635YGS2MiR9GjvuXCtz2emr3jbsz98g==,
      }
    dev: true

  /path-key@3.1.1:
    resolution:
      {
        integrity: sha512-ojmeN0qd+y0jszEtoY48r0Peq5dwMEkIlCOu6Q5f41lfkswXuKtYrhgoTpLnyIcHm24Uhqx+5Tqm2InSwLhE6Q==,
      }
    engines: { node: '>=8' }
    dev: true

  /picocolors@1.0.1:
    resolution:
      {
        integrity: sha512-anP1Z8qwhkbmu7MFP5iTt+wQKXgwzf7zTyGlcdzabySa9vd0Xt392U0rVmz9poOaBj0uHJKyyo9/upk0HrEQew==,
      }

  /pidtree@0.6.0:
    resolution:
      {
        integrity: sha512-eG2dWTVw5bzqGRztnHExczNxt5VGsE6OwTeCG3fdUf9KBsZzO3R5OIIIzWR+iZA0NtZ+RDVdaoE2dK1cn6jH4g==,
      }
    engines: { node: '>=0.10' }
    hasBin: true
    dev: true

  /postcss@8.4.39:
    resolution:
      {
        integrity: sha512-0vzE+lAiG7hZl1/9I8yzKLx3aR9Xbof3fBHKunvMfOCYAtMhrsnccJY2iTURb9EZd5+pLuiNV9/c/GZJOHsgIw==,
      }
    engines: { node: ^10 || ^12 || >=14 }
    dependencies:
      nanoid: 3.3.7
      picocolors: 1.0.1
      source-map-js: 1.2.0

  /read-package-json-fast@3.0.2:
    resolution:
      {
        integrity: sha512-0J+Msgym3vrLOUB3hzQCuZHII0xkNGCtz/HJH9xZshwv9DbDwkw1KaE3gx/e2J5rpEY5rtOy6cyhKOPrkP7FZw==,
      }
    engines: { node: ^14.17.0 || ^16.13.0 || >=18.0.0 }
    dependencies:
      json-parse-even-better-errors: 3.0.2
      npm-normalize-package-bin: 3.0.1
    dev: true

  /rollup@4.18.1:
    resolution:
      {
        integrity: sha512-Elx2UT8lzxxOXMpy5HWQGZqkrQOtrVDDa/bm9l10+U4rQnVzbL/LgZ4NOM1MPIDyHk69W4InuYDF5dzRh4Kw1A==,
      }
    engines: { node: '>=18.0.0', npm: '>=8.0.0' }
    hasBin: true
    dependencies:
      '@types/estree': 1.0.5
    optionalDependencies:
      '@rollup/rollup-android-arm-eabi': 4.18.1
      '@rollup/rollup-android-arm64': 4.18.1
      '@rollup/rollup-darwin-arm64': 4.18.1
      '@rollup/rollup-darwin-x64': 4.18.1
      '@rollup/rollup-linux-arm-gnueabihf': 4.18.1
      '@rollup/rollup-linux-arm-musleabihf': 4.18.1
      '@rollup/rollup-linux-arm64-gnu': 4.18.1
      '@rollup/rollup-linux-arm64-musl': 4.18.1
      '@rollup/rollup-linux-powerpc64le-gnu': 4.18.1
      '@rollup/rollup-linux-riscv64-gnu': 4.18.1
      '@rollup/rollup-linux-s390x-gnu': 4.18.1
      '@rollup/rollup-linux-x64-gnu': 4.18.1
      '@rollup/rollup-linux-x64-musl': 4.18.1
      '@rollup/rollup-win32-arm64-msvc': 4.18.1
      '@rollup/rollup-win32-ia32-msvc': 4.18.1
      '@rollup/rollup-win32-x64-msvc': 4.18.1
      fsevents: 2.3.3
    dev: true

  /semver@7.6.2:
    resolution:
      {
        integrity: sha512-FNAIBWCx9qcRhoHcgcJ0gvU7SN1lYU2ZXuSfl04bSC5OpvDHFyJCjdNHomPXxjQlCBU67YW64PzY7/VIEH7F2w==,
      }
    engines: { node: '>=10' }
    hasBin: true
    dev: true

  /shebang-command@2.0.0:
    resolution:
      {
        integrity: sha512-kHxr2zZpYtdmrN1qDjrrX/Z1rR1kG8Dx+gkpK1G4eXmvXswmcE1hTWBWYUzlraYw1/yZp6YuDY77YtvbN0dmDA==,
      }
    engines: { node: '>=8' }
    dependencies:
      shebang-regex: 3.0.0
    dev: true

  /shebang-regex@3.0.0:
    resolution:
      {
        integrity: sha512-7++dFhtcx3353uBaq8DDR4NuxBetBzC7ZQOhmTQInHEd6bSrXdiEyzCvG07Z44UYdLShWUyXt5M/yhz8ekcb1A==,
      }
    engines: { node: '>=8' }
    dev: true

  /shell-quote@1.8.1:
    resolution:
      {
        integrity: sha512-6j1W9l1iAs/4xYBI1SYOVZyFcCis9b4KCLQ8fgAGG07QvzaRLVVRQvAy85yNmmZSjYjg4MWh4gNvlPujU/5LpA==,
      }
    dev: true

  /source-map-js@1.2.0:
    resolution:
      {
        integrity: sha512-itJW8lvSA0TXEphiRoawsCksnlf8SyvmFzIhltqAHluXd88pkCd+cXJVHTDwdCr0IzwptSm035IHQktUu1QUMg==,
      }
    engines: { node: '>=0.10.0' }

  /to-fast-properties@2.0.0:
    resolution:
      {
        integrity: sha512-/OaKK0xYrs3DmxRYqL/yDc+FxFUVYhDlXMhRmv3z915w2HF1tnN1omB354j8VUGO/hbRzyD6Y3sA7v7GS/ceog==,
      }
    engines: { node: '>=4' }

  /typescript@5.4.2:
    resolution:
      {
        integrity: sha512-+2/g0Fds1ERlP6JsakQQDXjZdZMM+rqpamFZJEKh4kwTIn3iDkgKtby0CeNd5ATNZ4Ry1ax15TMx0W2V+miizQ==,
      }
    engines: { node: '>=14.17' }
    hasBin: true

  /undici-types@5.26.5:
    resolution:
      {
        integrity: sha512-JlCMO+ehdEIKqlFxk6IfVoAUVmgz7cU7zD/h9XZ0qzeosSHmUJVOzSQvvYSYWXkFXC+IfLKSIffhv0sVZup6pA==,
      }
    dev: true

  /vite@5.3.1(@types/node@20.14.5):
    resolution:
      {
        integrity: sha512-XBmSKRLXLxiaPYamLv3/hnP/KXDai1NDexN0FpkTaZXTfycHvkRHoenpgl/fvuK/kPbB6xAgoyiryAhQNxYmAQ==,
      }
    engines: { node: ^18.0.0 || >=20.0.0 }
    hasBin: true
    peerDependencies:
      '@types/node': ^18.0.0 || >=20.0.0
      less: '*'
      lightningcss: ^1.21.0
      sass: '*'
      stylus: '*'
      sugarss: '*'
      terser: ^5.4.0
    peerDependenciesMeta:
      '@types/node':
        optional: true
      less:
        optional: true
      lightningcss:
        optional: true
      sass:
        optional: true
      stylus:
        optional: true
      sugarss:
        optional: true
      terser:
        optional: true
    dependencies:
      '@types/node': 20.14.5
      esbuild: 0.21.5
      postcss: 8.4.39
      rollup: 4.18.1
    optionalDependencies:
      fsevents: 2.3.3
    dev: true

  /vscode-uri@3.0.8:
    resolution:
      {
        integrity: sha512-AyFQ0EVmsOZOlAnxoFOGOq1SQDWAB7C6aqMGS23svWAllfOaxbuFvcT8D1i8z3Gyn8fraVeZNNmN6e9bxxXkKw==,
      }
    dev: true

  /vue-demi@0.14.8(vue@3.4.29):
    resolution:
      {
        integrity: sha512-Uuqnk9YE9SsWeReYqK2alDI5YzciATE0r2SkA6iMAtuXvNTMNACJLJEXNXaEy94ECuBe4Sk6RzRU80kjdbIo1Q==,
      }
    engines: { node: '>=12' }
    hasBin: true
    requiresBuild: true
    peerDependencies:
      '@vue/composition-api': ^1.0.0-rc.1
      vue: ^3.0.0-0 || ^2.6.0
    peerDependenciesMeta:
      '@vue/composition-api':
        optional: true
    dependencies:
      vue: 3.4.29(typescript@5.4.2)
    dev: false

  /vue-router@4.3.3(vue@3.4.29):
    resolution:
      {
        integrity: sha512-8Q+u+WP4N2SXY38FDcF2H1dUEbYVHVPtPCPZj/GTZx8RCbiB8AtJP9+YIxn4Vs0svMTNQcLIzka4GH7Utkx9xQ==,
      }
    peerDependencies:
      vue: ^3.2.0
    dependencies:
      '@vue/devtools-api': 6.6.3
      vue: 3.4.29(typescript@5.4.2)
    dev: false

  /vue-template-compiler@2.7.16:
    resolution:
      {
        integrity: sha512-AYbUWAJHLGGQM7+cNTELw+KsOG9nl2CnSv467WobS5Cv9uk3wFcnr1Etsz2sEIHEZvw1U+o9mRlEO6QbZvUPGQ==,
      }
    dependencies:
      de-indent: 1.0.2
      he: 1.2.0
    dev: true

  /vue-tsc@2.0.21(typescript@5.4.2):
    resolution:
      {
        integrity: sha512-E6x1p1HaHES6Doy8pqtm7kQern79zRtIewkf9fiv7Y43Zo4AFDS5hKi+iHi2RwEhqRmuiwliB1LCEFEGwvxQnw==,
      }
    hasBin: true
    peerDependencies:
      typescript: '*'
    dependencies:
      '@volar/typescript': 2.3.4
      '@vue/language-core': 2.0.21(typescript@5.4.2)
      semver: 7.6.2
      typescript: 5.4.2
    dev: true

  /vue@3.4.29(typescript@5.4.2):
    resolution:
      {
        integrity: sha512-8QUYfRcYzNlYuzKPfge1UWC6nF9ym0lx7mpGVPJYNhddxEf3DD0+kU07NTL0sXuiT2HuJuKr/iEO8WvXvT0RSQ==,
      }
    peerDependencies:
      typescript: '*'
    peerDependenciesMeta:
      typescript:
        optional: true
    dependencies:
      '@vue/compiler-dom': 3.4.29
      '@vue/compiler-sfc': 3.4.29
      '@vue/runtime-dom': 3.4.29
      '@vue/server-renderer': 3.4.29(vue@3.4.29)
      '@vue/shared': 3.4.29
      typescript: 5.4.2

  /which@2.0.2:
    resolution:
      {
        integrity: sha512-BLI3Tl1TW3Pvl70l3yq3Y64i+awpwXqsGBYWkkqMtnbXgrMD+yj7rhW0kuEDxzJaYXGjEW5ogapKNMEKNMjibA==,
      }
    engines: { node: '>= 8' }
    hasBin: true
    dependencies:
      isexe: 2.0.0
    dev: true
